
Microsoft Visual Studio Solution File, Format Version 12.00
# Visual Studio Version 17
VisualStudioVersion = 17.1.32319.34
MinimumVisualStudioVersion = 10.0.40219.1
Project("{9A19103F-16F7-4668-BE54-9A1E7A4F7556}") = "ScheduleLNU.DataAccess", "ScheduleLNU.DataAccess\ScheduleLNU.DataAccess.csproj", "{C3B27A21-C4B7-4028-B1EF-16A8935C74D3}"
EndProject
Project("{9A19103F-16F7-4668-BE54-9A1E7A4F7556}") = "ScheduleLNU.BusinessLogic", "ScheduleLNU.BusinessLogic\ScheduleLNU.BusinessLogic.csproj", "{CCC7B7DB-9C8D-4A24-91C2-FB5D82141920}"
EndProject
Project("{9A19103F-16F7-4668-BE54-9A1E7A4F7556}") = "ScheduleLNU.Tests", "ScheduleLNU.Tests\ScheduleLNU.Tests.csproj", "{FB9F5578-3C5E-4CF3-A9A8-450F810E58DD}"
EndProject
Project("{9A19103F-16F7-4668-BE54-9A1E7A4F7556}") = "ScheduleLNU.Presentation", "ScheduleLNU.Presentation\ScheduleLNU.Presentation.csproj", "{8D600B58-79BF-4113-8DAC-40663C476457}"
EndProject
Project("{2150E333-8FDC-42A3-9474-1A3956D46DE8}") = "Solution Items", "Solution Items", "{4D36C9C8-05A4-405B-A280-49C50E72E2B5}"
	ProjectSection(SolutionItems) = preProject
		.editorconfig = .editorconfig
	EndProjectSection
EndProject
Project("{FAE04EC0-301F-11D3-BF4B-00C04F79EFBC}") = "ScheduleLNU.IntegrationTests", "ScheduleLNU.IntegrationTests\ScheduleLNU.IntegrationTests.csproj", "{309F33CB-F589-4FBA-A514-D2ED944D1DF5}"
EndProject
Global
	GlobalSection(SolutionConfigurationPlatforms) = preSolution
		Debug|Any CPU = Debug|Any CPU
		Release|Any CPU = Release|Any CPU
	EndGlobalSection
	GlobalSection(ProjectConfigurationPlatforms) = postSolution
		{C3B27A21-C4B7-4028-B1EF-16A8935C74D3}.Debug|Any CPU.ActiveCfg = Debug|Any CPU
		{C3B27A21-C4B7-4028-B1EF-16A8935C74D3}.Debug|Any CPU.Build.0 = Debug|Any CPU
		{C3B27A21-C4B7-4028-B1EF-16A8935C74D3}.Release|Any CPU.ActiveCfg = Release|Any CPU
		{C3B27A21-C4B7-4028-B1EF-16A8935C74D3}.Release|Any CPU.Build.0 = Release|Any CPU
		{CCC7B7DB-9C8D-4A24-91C2-FB5D82141920}.Debug|Any CPU.ActiveCfg = Debug|Any CPU
		{CCC7B7DB-9C8D-4A24-91C2-FB5D82141920}.Debug|Any CPU.Build.0 = Debug|Any CPU
		{CCC7B7DB-9C8D-4A24-91C2-FB5D82141920}.Release|Any CPU.ActiveCfg = Release|Any CPU
		{CCC7B7DB-9C8D-4A24-91C2-FB5D82141920}.Release|Any CPU.Build.0 = Release|Any CPU
		{FB9F5578-3C5E-4CF3-A9A8-450F810E58DD}.Debug|Any CPU.ActiveCfg = Debug|Any CPU
		{FB9F5578-3C5E-4CF3-A9A8-450F810E58DD}.Debug|Any CPU.Build.0 = Debug|Any CPU
		{FB9F5578-3C5E-4CF3-A9A8-450F810E58DD}.Release|Any CPU.ActiveCfg = Release|Any CPU
		{FB9F5578-3C5E-4CF3-A9A8-450F810E58DD}.Release|Any CPU.Build.0 = Release|Any CPU
		{8D600B58-79BF-4113-8DAC-40663C476457}.Debug|Any CPU.ActiveCfg = Debug|Any CPU
		{8D600B58-79BF-4113-8DAC-40663C476457}.Debug|Any CPU.Build.0 = Debug|Any CPU
		{8D600B58-79BF-4113-8DAC-40663C476457}.Release|Any CPU.ActiveCfg = Release|Any CPU
		{8D600B58-79BF-4113-8DAC-40663C476457}.Release|Any CPU.Build.0 = Release|Any CPU
		{309F33CB-F589-4FBA-A514-D2ED944D1DF5}.Debug|Any CPU.ActiveCfg = Debug|Any CPU
		{309F33CB-F589-4FBA-A514-D2ED944D1DF5}.Debug|Any CPU.Build.0 = Debug|Any CPU
		{309F33CB-F589-4FBA-A514-D2ED944D1DF5}.Release|Any CPU.ActiveCfg = Release|Any CPU
		{309F33CB-F589-4FBA-A514-D2ED944D1DF5}.Release|Any CPU.Build.0 = Release|Any CPU
	EndGlobalSection
	GlobalSection(SolutionProperties) = preSolution
		HideSolutionNode = FALSE
	EndGlobalSection
	GlobalSection(ExtensibilityGlobals) = postSolution
		SolutionGuid = {61342ED2-7320-41AA-9DBD-ED1084F41323}
	EndGlobalSection
EndGlobal
